// !$*UTF8*$!
{
	archiveVersion = 1;
	classes = {
	};
	objectVersion = 56;
	objects = {

/* Begin PBXBuildFile section */
		A73666442B0BE00D00A679FD /* GymPartnerApp.swift in Sources */ = {isa = PBXBuildFile; fileRef = A73666432B0BE00D00A679FD /* GymPartnerApp.swift */; };
		A73666482B0BE00D00A679FD /* Assets.xcassets in Resources */ = {isa = PBXBuildFile; fileRef = A73666472B0BE00D00A679FD /* Assets.xcassets */; };
		A736664B2B0BE00D00A679FD /* Preview Assets.xcassets in Resources */ = {isa = PBXBuildFile; fileRef = A736664A2B0BE00D00A679FD /* Preview Assets.xcassets */; };
		A73666552B0BE4B600A679FD /* FirebaseAnalytics in Frameworks */ = {isa = PBXBuildFile; productRef = A73666542B0BE4B600A679FD /* FirebaseAnalytics */; };
		A73666572B0BE4B600A679FD /* FirebaseAnalyticsSwift in Frameworks */ = {isa = PBXBuildFile; productRef = A73666562B0BE4B600A679FD /* FirebaseAnalyticsSwift */; };
		A73666592B0BE4B600A679FD /* FirebaseAuth in Frameworks */ = {isa = PBXBuildFile; productRef = A73666582B0BE4B600A679FD /* FirebaseAuth */; };
		A736665B2B0BE4B600A679FD /* FirebaseAuthCombine-Community in Frameworks */ = {isa = PBXBuildFile; productRef = A736665A2B0BE4B600A679FD /* FirebaseAuthCombine-Community */; };
		A736665D2B0BE4B600A679FD /* FirebaseFirestore in Frameworks */ = {isa = PBXBuildFile; productRef = A736665C2B0BE4B600A679FD /* FirebaseFirestore */; };
		A736665F2B0BE4B600A679FD /* FirebaseFirestoreSwift in Frameworks */ = {isa = PBXBuildFile; productRef = A736665E2B0BE4B600A679FD /* FirebaseFirestoreSwift */; };
		A736666A2B0BE56700A679FD /* HomeView.swift in Sources */ = {isa = PBXBuildFile; fileRef = A73666692B0BE56700A679FD /* HomeView.swift */; };
		A736666F2B0BE74F00A679FD /* AuthManager.swift in Sources */ = {isa = PBXBuildFile; fileRef = A736666E2B0BE74F00A679FD /* AuthManager.swift */; };
		A73666742B0BE77D00A679FD /* AuthUser.swift in Sources */ = {isa = PBXBuildFile; fileRef = A73666732B0BE77D00A679FD /* AuthUser.swift */; };
		A73666792B0BF94A00A679FD /* GoogleSignIn in Frameworks */ = {isa = PBXBuildFile; productRef = A73666782B0BF94A00A679FD /* GoogleSignIn */; };
		A736667B2B0BF94A00A679FD /* GoogleSignInSwift in Frameworks */ = {isa = PBXBuildFile; productRef = A736667A2B0BF94A00A679FD /* GoogleSignInSwift */; };
		A736667E2B0BFA5A00A679FD /* GoogleService-Info.plist in Resources */ = {isa = PBXBuildFile; fileRef = A736667D2B0BFA5A00A679FD /* GoogleService-Info.plist */; };
		A73666802B0BFB6E00A679FD /* AuthView.swift in Sources */ = {isa = PBXBuildFile; fileRef = A736667F2B0BFB6E00A679FD /* AuthView.swift */; };
		A73666832B0BFCB100A679FD /* Utilities.swift in Sources */ = {isa = PBXBuildFile; fileRef = A73666822B0BFCB000A679FD /* Utilities.swift */; };
		A73666852B0C161200A679FD /* AuthViewModel.swift in Sources */ = {isa = PBXBuildFile; fileRef = A73666842B0C161200A679FD /* AuthViewModel.swift */; };
		A73666872B0C163E00A679FD /* GoogleSignInResult.swift in Sources */ = {isa = PBXBuildFile; fileRef = A73666862B0C163E00A679FD /* GoogleSignInResult.swift */; };
/* End PBXBuildFile section */

/* Begin PBXFileReference section */
		A73666402B0BE00D00A679FD /* GymPartner.app */ = {isa = PBXFileReference; explicitFileType = wrapper.application; includeInIndex = 0; path = GymPartner.app; sourceTree = BUILT_PRODUCTS_DIR; };
		A73666432B0BE00D00A679FD /* GymPartnerApp.swift */ = {isa = PBXFileReference; lastKnownFileType = sourcecode.swift; path = GymPartnerApp.swift; sourceTree = "<group>"; };
		A73666472B0BE00D00A679FD /* Assets.xcassets */ = {isa = PBXFileReference; lastKnownFileType = folder.assetcatalog; path = Assets.xcassets; sourceTree = "<group>"; };
		A736664A2B0BE00D00A679FD /* Preview Assets.xcassets */ = {isa = PBXFileReference; lastKnownFileType = folder.assetcatalog; path = "Preview Assets.xcassets"; sourceTree = "<group>"; };
		A73666692B0BE56700A679FD /* HomeView.swift */ = {isa = PBXFileReference; lastKnownFileType = sourcecode.swift; path = HomeView.swift; sourceTree = "<group>"; };
		A736666E2B0BE74F00A679FD /* AuthManager.swift */ = {isa = PBXFileReference; lastKnownFileType = sourcecode.swift; path = AuthManager.swift; sourceTree = "<group>"; };
		A73666732B0BE77D00A679FD /* AuthUser.swift */ = {isa = PBXFileReference; lastKnownFileType = sourcecode.swift; path = AuthUser.swift; sourceTree = "<group>"; };
		A736667C2B0BF98700A679FD /* Info.plist */ = {isa = PBXFileReference; lastKnownFileType = text.plist; path = Info.plist; sourceTree = "<group>"; };
		A736667D2B0BFA5A00A679FD /* GoogleService-Info.plist */ = {isa = PBXFileReference; fileEncoding = 4; lastKnownFileType = text.plist.xml; name = "GoogleService-Info.plist"; path = "App/GoogleService-Info.plist"; sourceTree = "<group>"; };
		A736667F2B0BFB6E00A679FD /* AuthView.swift */ = {isa = PBXFileReference; lastKnownFileType = sourcecode.swift; path = AuthView.swift; sourceTree = "<group>"; };
		A73666822B0BFCB000A679FD /* Utilities.swift */ = {isa = PBXFileReference; lastKnownFileType = sourcecode.swift; path = Utilities.swift; sourceTree = "<group>"; };
		A73666842B0C161200A679FD /* AuthViewModel.swift */ = {isa = PBXFileReference; lastKnownFileType = sourcecode.swift; path = AuthViewModel.swift; sourceTree = "<group>"; };
		A73666862B0C163E00A679FD /* GoogleSignInResult.swift */ = {isa = PBXFileReference; lastKnownFileType = sourcecode.swift; path = GoogleSignInResult.swift; sourceTree = "<group>"; };
/* End PBXFileReference section */

/* Begin PBXFrameworksBuildPhase section */
		A736663D2B0BE00D00A679FD /* Frameworks */ = {
			isa = PBXFrameworksBuildPhase;
			buildActionMask = 2147483647;
			files = (
				A73666572B0BE4B600A679FD /* FirebaseAnalyticsSwift in Frameworks */,
				A73666592B0BE4B600A679FD /* FirebaseAuth in Frameworks */,
				A73666552B0BE4B600A679FD /* FirebaseAnalytics in Frameworks */,
				A736667B2B0BF94A00A679FD /* GoogleSignInSwift in Frameworks */,
				A736665D2B0BE4B600A679FD /* FirebaseFirestore in Frameworks */,
				A736665B2B0BE4B600A679FD /* FirebaseAuthCombine-Community in Frameworks */,
				A736665F2B0BE4B600A679FD /* FirebaseFirestoreSwift in Frameworks */,
				A73666792B0BF94A00A679FD /* GoogleSignIn in Frameworks */,
			);
			runOnlyForDeploymentPostprocessing = 0;
		};
/* End PBXFrameworksBuildPhase section */

/* Begin PBXGroup section */
		A73666372B0BE00D00A679FD = {
			isa = PBXGroup;
			children = (
				A73666422B0BE00D00A679FD /* GymPartner */,
				A73666412B0BE00D00A679FD /* Products */,
			);
			sourceTree = "<group>";
		};
		A73666412B0BE00D00A679FD /* Products */ = {
			isa = PBXGroup;
			children = (
				A73666402B0BE00D00A679FD /* GymPartner.app */,
			);
			name = Products;
			sourceTree = "<group>";
		};
		A73666422B0BE00D00A679FD /* GymPartner */ = {
			isa = PBXGroup;
			children = (
				A73666812B0BFCA100A679FD /* Utilities */,
				A736667C2B0BF98700A679FD /* Info.plist */,
				A736666D2B0BE5C900A679FD /* Extensions */,
				A736666C2B0BE5C400A679FD /* Managers */,
				A736666B2B0BE5BE00A679FD /* Models */,
				A73666662B0BE54600A679FD /* UI */,
				A73666612B0BE52C00A679FD /* Core */,
				A73666602B0BE4E100A679FD /* App */,
				A736667D2B0BFA5A00A679FD /* GoogleService-Info.plist */,
				A73666472B0BE00D00A679FD /* Assets.xcassets */,
				A73666492B0BE00D00A679FD /* Preview Content */,
			);
			path = GymPartner;
			sourceTree = "<group>";
		};
		A73666492B0BE00D00A679FD /* Preview Content */ = {
			isa = PBXGroup;
			children = (
				A736664A2B0BE00D00A679FD /* Preview Assets.xcassets */,
			);
			path = "Preview Content";
			sourceTree = "<group>";
		};
		A73666602B0BE4E100A679FD /* App */ = {
			isa = PBXGroup;
			children = (
				A73666432B0BE00D00A679FD /* GymPartnerApp.swift */,
			);
			path = App;
			sourceTree = "<group>";
		};
		A73666612B0BE52C00A679FD /* Core */ = {
			isa = PBXGroup;
			children = (
				A73666652B0BE54200A679FD /* Auth */,
				A73666622B0BE53100A679FD /* Home */,
			);
			path = Core;
			sourceTree = "<group>";
		};
		A73666622B0BE53100A679FD /* Home */ = {
			isa = PBXGroup;
			children = (
				A73666642B0BE53900A679FD /* ViewModels */,
				A73666632B0BE53500A679FD /* Views */,
			);
			path = Home;
			sourceTree = "<group>";
		};
		A73666632B0BE53500A679FD /* Views */ = {
			isa = PBXGroup;
			children = (
				A73666692B0BE56700A679FD /* HomeView.swift */,
			);
			path = Views;
			sourceTree = "<group>";
		};
		A73666642B0BE53900A679FD /* ViewModels */ = {
			isa = PBXGroup;
			children = (
			);
			path = ViewModels;
			sourceTree = "<group>";
		};
		A73666652B0BE54200A679FD /* Auth */ = {
			isa = PBXGroup;
			children = (
				A73666682B0BE55000A679FD /* ViewModels */,
				A73666672B0BE54C00A679FD /* Views */,
			);
			path = Auth;
			sourceTree = "<group>";
		};
		A73666662B0BE54600A679FD /* UI */ = {
			isa = PBXGroup;
			children = (
			);
			path = UI;
			sourceTree = "<group>";
		};
		A73666672B0BE54C00A679FD /* Views */ = {
			isa = PBXGroup;
			children = (
				A736667F2B0BFB6E00A679FD /* AuthView.swift */,
			);
			path = Views;
			sourceTree = "<group>";
		};
		A73666682B0BE55000A679FD /* ViewModels */ = {
			isa = PBXGroup;
			children = (
				A73666842B0C161200A679FD /* AuthViewModel.swift */,
			);
			path = ViewModels;
			sourceTree = "<group>";
		};
		A736666B2B0BE5BE00A679FD /* Models */ = {
			isa = PBXGroup;
			children = (
				A73666732B0BE77D00A679FD /* AuthUser.swift */,
				A73666862B0C163E00A679FD /* GoogleSignInResult.swift */,
			);
			path = Models;
			sourceTree = "<group>";
		};
		A736666C2B0BE5C400A679FD /* Managers */ = {
			isa = PBXGroup;
			children = (
				A736666E2B0BE74F00A679FD /* AuthManager.swift */,
			);
			path = Managers;
			sourceTree = "<group>";
		};
		A736666D2B0BE5C900A679FD /* Extensions */ = {
			isa = PBXGroup;
			children = (
			);
			path = Extensions;
			sourceTree = "<group>";
		};
		A73666812B0BFCA100A679FD /* Utilities */ = {
			isa = PBXGroup;
			children = (
				A73666822B0BFCB000A679FD /* Utilities.swift */,
			);
			path = Utilities;
			sourceTree = "<group>";
		};
/* End PBXGroup section */

/* Begin PBXNativeTarget section */
		A736663F2B0BE00D00A679FD /* GymPartner */ = {
			isa = PBXNativeTarget;
			buildConfigurationList = A736664E2B0BE00D00A679FD /* Build configuration list for PBXNativeTarget "GymPartner" */;
			buildPhases = (
				A736663C2B0BE00D00A679FD /* Sources */,
				A736663D2B0BE00D00A679FD /* Frameworks */,
				A736663E2B0BE00D00A679FD /* Resources */,
			);
			buildRules = (
			);
			dependencies = (
			);
			name = GymPartner;
			packageProductDependencies = (
				A73666542B0BE4B600A679FD /* FirebaseAnalytics */,
				A73666562B0BE4B600A679FD /* FirebaseAnalyticsSwift */,
				A73666582B0BE4B600A679FD /* FirebaseAuth */,
				A736665A2B0BE4B600A679FD /* FirebaseAuthCombine-Community */,
				A736665C2B0BE4B600A679FD /* FirebaseFirestore */,
				A736665E2B0BE4B600A679FD /* FirebaseFirestoreSwift */,
				A73666782B0BF94A00A679FD /* GoogleSignIn */,
				A736667A2B0BF94A00A679FD /* GoogleSignInSwift */,
			);
			productName = GymPartner;
			productReference = A73666402B0BE00D00A679FD /* GymPartner.app */;
			productType = "com.apple.product-type.application";
		};
/* End PBXNativeTarget section */

/* Begin PBXProject section */
		A73666382B0BE00D00A679FD /* Project object */ = {
			isa = PBXProject;
			attributes = {
				BuildIndependentTargetsInParallel = 1;
				LastSwiftUpdateCheck = 1430;
				LastUpgradeCheck = 1430;
				TargetAttributes = {
					A736663F2B0BE00D00A679FD = {
						CreatedOnToolsVersion = 14.3.1;
					};
				};
			};
			buildConfigurationList = A736663B2B0BE00D00A679FD /* Build configuration list for PBXProject "GymPartner" */;
			compatibilityVersion = "Xcode 14.0";
			developmentRegion = en;
			hasScannedForEncodings = 0;
			knownRegions = (
				en,
				Base,
			);
			mainGroup = A73666372B0BE00D00A679FD;
			packageReferences = (
				A73666532B0BE4B600A679FD /* XCRemoteSwiftPackageReference "firebase-ios-sdk" */,
				A73666772B0BF94A00A679FD /* XCRemoteSwiftPackageReference "GoogleSignIn-iOS" */,
			);
			productRefGroup = A73666412B0BE00D00A679FD /* Products */;
			projectDirPath = "";
			projectRoot = "";
			targets = (
				A736663F2B0BE00D00A679FD /* GymPartner */,
			);
		};
/* End PBXProject section */

/* Begin PBXResourcesBuildPhase section */
		A736663E2B0BE00D00A679FD /* Resources */ = {
			isa = PBXResourcesBuildPhase;
			buildActionMask = 2147483647;
			files = (
				A736664B2B0BE00D00A679FD /* Preview Assets.xcassets in Resources */,
				A736667E2B0BFA5A00A679FD /* GoogleService-Info.plist in Resources */,
				A73666482B0BE00D00A679FD /* Assets.xcassets in Resources */,
			);
			runOnlyForDeploymentPostprocessing = 0;
		};
/* End PBXResourcesBuildPhase section */

/* Begin PBXSourcesBuildPhase section */
		A736663C2B0BE00D00A679FD /* Sources */ = {
			isa = PBXSourcesBuildPhase;
			buildActionMask = 2147483647;
			files = (
				A73666832B0BFCB100A679FD /* Utilities.swift in Sources */,
				A73666442B0BE00D00A679FD /* GymPartnerApp.swift in Sources */,
				A73666802B0BFB6E00A679FD /* AuthView.swift in Sources */,
				A73666852B0C161200A679FD /* AuthViewModel.swift in Sources */,
				A736666F2B0BE74F00A679FD /* AuthManager.swift in Sources */,
				A73666742B0BE77D00A679FD /* AuthUser.swift in Sources */,
				A736666A2B0BE56700A679FD /* HomeView.swift in Sources */,
				A73666872B0C163E00A679FD /* GoogleSignInResult.swift in Sources */,
			);
			runOnlyForDeploymentPostprocessing = 0;
		};
/* End PBXSourcesBuildPhase section */

/* Begin XCBuildConfiguration section */
		A736664C2B0BE00D00A679FD /* Debug */ = {
			isa = XCBuildConfiguration;
			buildSettings = {
				ALWAYS_SEARCH_USER_PATHS = NO;
				CLANG_ANALYZER_NONNULL = YES;
				CLANG_ANALYZER_NUMBER_OBJECT_CONVERSION = YES_AGGRESSIVE;
				CLANG_CXX_LANGUAGE_STANDARD = "gnu++20";
				CLANG_ENABLE_MODULES = YES;
				CLANG_ENABLE_OBJC_ARC = YES;
				CLANG_ENABLE_OBJC_WEAK = YES;
				CLANG_WARN_BLOCK_CAPTURE_AUTORELEASING = YES;
				CLANG_WARN_BOOL_CONVERSION = YES;
				CLANG_WARN_COMMA = YES;
				CLANG_WARN_CONSTANT_CONVERSION = YES;
				CLANG_WARN_DEPRECATED_OBJC_IMPLEMENTATIONS = YES;
				CLANG_WARN_DIRECT_OBJC_ISA_USAGE = YES_ERROR;
				CLANG_WARN_DOCUMENTATION_COMMENTS = YES;
				CLANG_WARN_EMPTY_BODY = YES;
				CLANG_WARN_ENUM_CONVERSION = YES;
				CLANG_WARN_INFINITE_RECURSION = YES;
				CLANG_WARN_INT_CONVERSION = YES;
				CLANG_WARN_NON_LITERAL_NULL_CONVERSION = YES;
				CLANG_WARN_OBJC_IMPLICIT_RETAIN_SELF = YES;
				CLANG_WARN_OBJC_LITERAL_CONVERSION = YES;
				CLANG_WARN_OBJC_ROOT_CLASS = YES_ERROR;
				CLANG_WARN_QUOTED_INCLUDE_IN_FRAMEWORK_HEADER = YES;
				CLANG_WARN_RANGE_LOOP_ANALYSIS = YES;
				CLANG_WARN_STRICT_PROTOTYPES = YES;
				CLANG_WARN_SUSPICIOUS_MOVE = YES;
				CLANG_WARN_UNGUARDED_AVAILABILITY = YES_AGGRESSIVE;
				CLANG_WARN_UNREACHABLE_CODE = YES;
				CLANG_WARN__DUPLICATE_METHOD_MATCH = YES;
				COPY_PHASE_STRIP = NO;
				DEBUG_INFORMATION_FORMAT = dwarf;
				ENABLE_STRICT_OBJC_MSGSEND = YES;
				ENABLE_TESTABILITY = YES;
				GCC_C_LANGUAGE_STANDARD = gnu11;
				GCC_DYNAMIC_NO_PIC = NO;
				GCC_NO_COMMON_BLOCKS = YES;
				GCC_OPTIMIZATION_LEVEL = 0;
				GCC_PREPROCESSOR_DEFINITIONS = (
					"DEBUG=1",
					"$(inherited)",
				);
				GCC_WARN_64_TO_32_BIT_CONVERSION = YES;
				GCC_WARN_ABOUT_RETURN_TYPE = YES_ERROR;
				GCC_WARN_UNDECLARED_SELECTOR = YES;
				GCC_WARN_UNINITIALIZED_AUTOS = YES_AGGRESSIVE;
				GCC_WARN_UNUSED_FUNCTION = YES;
				GCC_WARN_UNUSED_VARIABLE = YES;
				IPHONEOS_DEPLOYMENT_TARGET = 16.4;
				MTL_ENABLE_DEBUG_INFO = INCLUDE_SOURCE;
				MTL_FAST_MATH = YES;
				ONLY_ACTIVE_ARCH = YES;
				SDKROOT = iphoneos;
				SWIFT_ACTIVE_COMPILATION_CONDITIONS = DEBUG;
				SWIFT_OPTIMIZATION_LEVEL = "-Onone";
			};
			name = Debug;
		};
		A736664D2B0BE00D00A679FD /* Release */ = {
			isa = XCBuildConfiguration;
			buildSettings = {
				ALWAYS_SEARCH_USER_PATHS = NO;
				CLANG_ANALYZER_NONNULL = YES;
				CLANG_ANALYZER_NUMBER_OBJECT_CONVERSION = YES_AGGRESSIVE;
				CLANG_CXX_LANGUAGE_STANDARD = "gnu++20";
				CLANG_ENABLE_MODULES = YES;
				CLANG_ENABLE_OBJC_ARC = YES;
				CLANG_ENABLE_OBJC_WEAK = YES;
				CLANG_WARN_BLOCK_CAPTURE_AUTORELEASING = YES;
				CLANG_WARN_BOOL_CONVERSION = YES;
				CLANG_WARN_COMMA = YES;
				CLANG_WARN_CONSTANT_CONVERSION = YES;
				CLANG_WARN_DEPRECATED_OBJC_IMPLEMENTATIONS = YES;
				CLANG_WARN_DIRECT_OBJC_ISA_USAGE = YES_ERROR;
				CLANG_WARN_DOCUMENTATION_COMMENTS = YES;
				CLANG_WARN_EMPTY_BODY = YES;
				CLANG_WARN_ENUM_CONVERSION = YES;
				CLANG_WARN_INFINITE_RECURSION = YES;
				CLANG_WARN_INT_CONVERSION = YES;
				CLANG_WARN_NON_LITERAL_NULL_CONVERSION = YES;
				CLANG_WARN_OBJC_IMPLICIT_RETAIN_SELF = YES;
				CLANG_WARN_OBJC_LITERAL_CONVERSION = YES;
				CLANG_WARN_OBJC_ROOT_CLASS = YES_ERROR;
				CLANG_WARN_QUOTED_INCLUDE_IN_FRAMEWORK_HEADER = YES;
				CLANG_WARN_RANGE_LOOP_ANALYSIS = YES;
				CLANG_WARN_STRICT_PROTOTYPES = YES;
				CLANG_WARN_SUSPICIOUS_MOVE = YES;
				CLANG_WARN_UNGUARDED_AVAILABILITY = YES_AGGRESSIVE;
				CLANG_WARN_UNREACHABLE_CODE = YES;
				CLANG_WARN__DUPLICATE_METHOD_MATCH = YES;
				COPY_PHASE_STRIP = NO;
				DEBUG_INFORMATION_FORMAT = "dwarf-with-dsym";
				ENABLE_NS_ASSERTIONS = NO;
				ENABLE_STRICT_OBJC_MSGSEND = YES;
				GCC_C_LANGUAGE_STANDARD = gnu11;
				GCC_NO_COMMON_BLOCKS = YES;
				GCC_WARN_64_TO_32_BIT_CONVERSION = YES;
				GCC_WARN_ABOUT_RETURN_TYPE = YES_ERROR;
				GCC_WARN_UNDECLARED_SELECTOR = YES;
				GCC_WARN_UNINITIALIZED_AUTOS = YES_AGGRESSIVE;
				GCC_WARN_UNUSED_FUNCTION = YES;
				GCC_WARN_UNUSED_VARIABLE = YES;
				IPHONEOS_DEPLOYMENT_TARGET = 16.4;
				MTL_ENABLE_DEBUG_INFO = NO;
				MTL_FAST_MATH = YES;
				SDKROOT = iphoneos;
				SWIFT_COMPILATION_MODE = wholemodule;
				SWIFT_OPTIMIZATION_LEVEL = "-O";
				VALIDATE_PRODUCT = YES;
			};
			name = Release;
		};
		A736664F2B0BE00D00A679FD /* Debug */ = {
			isa = XCBuildConfiguration;
			buildSettings = {
				ASSETCATALOG_COMPILER_APPICON_NAME = AppIcon;
				ASSETCATALOG_COMPILER_GLOBAL_ACCENT_COLOR_NAME = AccentColor;
				CODE_SIGN_STYLE = Automatic;
				CURRENT_PROJECT_VERSION = 1;
				DEVELOPMENT_ASSET_PATHS = "\"GymPartner/Preview Content\"";
				DEVELOPMENT_TEAM = U567PBZ4LV;
				ENABLE_PREVIEWS = YES;
				GENERATE_INFOPLIST_FILE = YES;
				INFOPLIST_FILE = GymPartner/Info.plist;
				INFOPLIST_KEY_UIApplicationSceneManifest_Generation = YES;
				INFOPLIST_KEY_UIApplicationSupportsIndirectInputEvents = YES;
				INFOPLIST_KEY_UILaunchScreen_Generation = YES;
				INFOPLIST_KEY_UISupportedInterfaceOrientations_iPad = "UIInterfaceOrientationPortrait UIInterfaceOrientationPortraitUpsideDown UIInterfaceOrientationLandscapeLeft UIInterfaceOrientationLandscapeRight";
				INFOPLIST_KEY_UISupportedInterfaceOrientations_iPhone = "UIInterfaceOrientationPortrait UIInterfaceOrientationLandscapeLeft UIInterfaceOrientationLandscapeRight";
				IPHONEOS_DEPLOYMENT_TARGET = 15.6;
				LD_RUNPATH_SEARCH_PATHS = (
					"$(inherited)",
					"@executable_path/Frameworks",
				);
				MARKETING_VERSION = 1.0;
				PRODUCT_BUNDLE_IDENTIFIER = com.kmekarski.GymPartner;
				PRODUCT_NAME = "$(TARGET_NAME)";
				SWIFT_EMIT_LOC_STRINGS = YES;
				SWIFT_VERSION = 5.0;
				TARGETED_DEVICE_FAMILY = "1,2";
			};
			name = Debug;
		};
		A73666502B0BE00D00A679FD /* Release */ = {
			isa = XCBuildConfiguration;
			buildSettings = {
				ASSETCATALOG_COMPILER_APPICON_NAME = AppIcon;
				ASSETCATALOG_COMPILER_GLOBAL_ACCENT_COLOR_NAME = AccentColor;
				CODE_SIGN_STYLE = Automatic;
				CURRENT_PROJECT_VERSION = 1;
				DEVELOPMENT_ASSET_PATHS = "\"GymPartner/Preview Content\"";
				DEVELOPMENT_TEAM = U567PBZ4LV;
				ENABLE_PREVIEWS = YES;
				GENERATE_INFOPLIST_FILE = YES;
				INFOPLIST_FILE = GymPartner/Info.plist;
				INFOPLIST_KEY_UIApplicationSceneManifest_Generation = YES;
				INFOPLIST_KEY_UIApplicationSupportsIndirectInputEvents = YES;
				INFOPLIST_KEY_UILaunchScreen_Generation = YES;
				INFOPLIST_KEY_UISupportedInterfaceOrientations_iPad = "UIInterfaceOrientationPortrait UIInterfaceOrientationPortraitUpsideDown UIInterfaceOrientationLandscapeLeft UIInterfaceOrientationLandscapeRight";
				INFOPLIST_KEY_UISupportedInterfaceOrientations_iPhone = "UIInterfaceOrientationPortrait UIInterfaceOrientationLandscapeLeft UIInterfaceOrientationLandscapeRight";
				IPHONEOS_DEPLOYMENT_TARGET = 15.6;
				LD_RUNPATH_SEARCH_PATHS = (
					"$(inherited)",
					"@executable_path/Frameworks",
				);
				MARKETING_VERSION = 1.0;
				PRODUCT_BUNDLE_IDENTIFIER = com.kmekarski.GymPartner;
				PRODUCT_NAME = "$(TARGET_NAME)";
				SWIFT_EMIT_LOC_STRINGS = YES;
				SWIFT_VERSION = 5.0;
				TARGETED_DEVICE_FAMILY = "1,2";
			};
			name = Release;
		};
/* End XCBuildConfiguration section */

/* Begin XCConfigurationList section */
		A736663B2B0BE00D00A679FD /* Build configuration list for PBXProject "GymPartner" */ = {
			isa = XCConfigurationList;
			buildConfigurations = (
				A736664C2B0BE00D00A679FD /* Debug */,
				A736664D2B0BE00D00A679FD /* Release */,
			);
			defaultConfigurationIsVisible = 0;
			defaultConfigurationName = Release;
		};
		A736664E2B0BE00D00A679FD /* Build configuration list for PBXNativeTarget "GymPartner" */ = {
			isa = XCConfigurationList;
			buildConfigurations = (
				A736664F2B0BE00D00A679FD /* Debug */,
				A73666502B0BE00D00A679FD /* Release */,
			);
			defaultConfigurationIsVisible = 0;
			defaultConfigurationName = Release;
		};
/* End XCConfigurationList section */

/* Begin XCRemoteSwiftPackageReference section */
		A73666532B0BE4B600A679FD /* XCRemoteSwiftPackageReference "firebase-ios-sdk" */ = {
			isa = XCRemoteSwiftPackageReference;
			repositoryURL = "https://github.com/firebase/firebase-ios-sdk";
			requirement = {
				kind = upToNextMajorVersion;
				minimumVersion = 10.0.0;
			};
		};
		A73666772B0BF94A00A679FD /* XCRemoteSwiftPackageReference "GoogleSignIn-iOS" */ = {
			isa = XCRemoteSwiftPackageReference;
			repositoryURL = "https://github.com/google/GoogleSignIn-iOS.git";
			requirement = {
				kind = upToNextMajorVersion;
				minimumVersion = 7.0.0;
			};
		};
/* End XCRemoteSwiftPackageReference section */

/* Begin XCSwiftPackageProductDependency section */
		A73666542B0BE4B600A679FD /* FirebaseAnalytics */ = {
			isa = XCSwiftPackageProductDependency;
			package = A73666532B0BE4B600A679FD /* XCRemoteSwiftPackageReference "firebase-ios-sdk" */;
			productName = FirebaseAnalytics;
		};
		A73666562B0BE4B600A679FD /* FirebaseAnalyticsSwift */ = {
			isa = XCSwiftPackageProductDependency;
			package = A73666532B0BE4B600A679FD /* XCRemoteSwiftPackageReference "firebase-ios-sdk" */;
			productName = FirebaseAnalyticsSwift;
		};
		A73666582B0BE4B600A679FD /* FirebaseAuth */ = {
			isa = XCSwiftPackageProductDependency;
			package = A73666532B0BE4B600A679FD /* XCRemoteSwiftPackageReference "firebase-ios-sdk" */;
			productName = FirebaseAuth;
		};
		A736665A2B0BE4B600A679FD /* FirebaseAuthCombine-Community */ = {
			isa = XCSwiftPackageProductDependency;
			package = A73666532B0BE4B600A679FD /* XCRemoteSwiftPackageReference "firebase-ios-sdk" */;
			productName = "FirebaseAuthCombine-Community";
		};
		A736665C2B0BE4B600A679FD /* FirebaseFirestore */ = {
			isa = XCSwiftPackageProductDependency;
			package = A73666532B0BE4B600A679FD /* XCRemoteSwiftPackageReference "firebase-ios-sdk" */;
			productName = FirebaseFirestore;
		};
		A736665E2B0BE4B600A679FD /* FirebaseFirestoreSwift */ = {
			isa = XCSwiftPackageProductDependency;
			package = A73666532B0BE4B600A679FD /* XCRemoteSwiftPackageReference "firebase-ios-sdk" */;
			productName = FirebaseFirestoreSwift;
		};
		A73666782B0BF94A00A679FD /* GoogleSignIn */ = {
			isa = XCSwiftPackageProductDependency;
			package = A73666772B0BF94A00A679FD /* XCRemoteSwiftPackageReference "GoogleSignIn-iOS" */;
			productName = GoogleSignIn;
		};
		A736667A2B0BF94A00A679FD /* GoogleSignInSwift */ = {
			isa = XCSwiftPackageProductDependency;
			package = A73666772B0BF94A00A679FD /* XCRemoteSwiftPackageReference "GoogleSignIn-iOS" */;
			productName = GoogleSignInSwift;
		};
/* End XCSwiftPackageProductDependency section */
	};
	rootObject = A73666382B0BE00D00A679FD /* Project object */;
}
